
Microsoft Visual Studio Solution File, Format Version 12.00
# Visual Studio Version 16
VisualStudioVersion = 16.0.30204.135
MinimumVisualStudioVersion = 10.0.40219.1
Project("{FAE04EC0-301F-11D3-BF4B-00C04F79EFBC}") = "Client", "Client\Client.csproj", "{BDCD0E39-FDBA-4659-8AFE-31670F97CC0D}"
EndProject
Global
	GlobalSection(SolutionConfigurationPlatforms) = preSolution
		Debug|Any CPU = Debug|Any CPU
		Release|Any CPU = Release|Any CPU
	EndGlobalSection
	GlobalSection(ProjectConfigurationPlatforms) = postSolution
		{BDCD0E39-FDBA-4659-8AFE-31670F97CC0D}.Debug|Any CPU.ActiveCfg = Debug|Any CPU
		{BDCD0E39-FDBA-4659-8AFE-31670F97CC0D}.Debug|Any CPU.Build.0 = Debug|Any CPU
		{BDCD0E39-FDBA-4659-8AFE-31670F97CC0D}.Release|Any CPU.ActiveCfg = Release|Any CPU
		{BDCD0E39-FDBA-4659-8AFE-31670F97CC0D}.Release|Any CPU.Build.0 = Release|Any CPU
	EndGlobalSection
	GlobalSection(SolutionProperties) = preSolution
		HideSolutionNode = FALSE
	EndGlobalSection
	GlobalSection(ExtensibilityGlobals) = postSolution
		SolutionGuid = {18D1BFA9-4FC1-4450-94D4-4EFFFD7C0AC9}
	EndGlobalSection
EndGlobal
